
Microsoft Visual Studio Solution File, Format Version 12.00
Project("{FAE04EC0-301F-11D3-BF4B-00C04F79EFBC}") = "GameLogic", "GameLogic\GameLogic.csproj", "{B99E072A-335D-43FD-8B56-3F954A205424}"
EndProject
Project("{FAE04EC0-301F-11D3-BF4B-00C04F79EFBC}") = "AvaloniaBubbleGame", "AvaloniaBubbleGame\AvaloniaBubbleGame.csproj", "{92696A6C-E7FC-4578-9BDB-0F3F777A215D}"
EndProject
Global
	GlobalSection(SolutionConfigurationPlatforms) = preSolution
		Debug|Any CPU = Debug|Any CPU
		Release|Any CPU = Release|Any CPU
	EndGlobalSection
	GlobalSection(ProjectConfigurationPlatforms) = postSolution
		{B99E072A-335D-43FD-8B56-3F954A205424}.Debug|Any CPU.ActiveCfg = Debug|Any CPU
		{B99E072A-335D-43FD-8B56-3F954A205424}.Debug|Any CPU.Build.0 = Debug|Any CPU
		{B99E072A-335D-43FD-8B56-3F954A205424}.Release|Any CPU.ActiveCfg = Release|Any CPU
		{B99E072A-335D-43FD-8B56-3F954A205424}.Release|Any CPU.Build.0 = Release|Any CPU
		{92696A6C-E7FC-4578-9BDB-0F3F777A215D}.Debug|Any CPU.ActiveCfg = Debug|Any CPU
		{92696A6C-E7FC-4578-9BDB-0F3F777A215D}.Debug|Any CPU.Build.0 = Debug|Any CPU
		{92696A6C-E7FC-4578-9BDB-0F3F777A215D}.Release|Any CPU.ActiveCfg = Release|Any CPU
		{92696A6C-E7FC-4578-9BDB-0F3F777A215D}.Release|Any CPU.Build.0 = Release|Any CPU
	EndGlobalSection
EndGlobal
